
Microsoft Visual Studio Solution File, Format Version 12.00
# Visual Studio Version 17
VisualStudioVersion = 17.11.35312.102
MinimumVisualStudioVersion = 10.0.40219.1
Project("{FAE04EC0-301F-11D3-BF4B-00C04F79EFBC}") = "ApiIntegracaoLab", "ApiIntegracao\ApiIntegracaoLab.csproj", "{9B50F2DE-8072-4906-B7FE-FAE3DA16B327}"
EndProject
Project("{FAE04EC0-301F-11D3-BF4B-00C04F79EFBC}") = "ApiIntegracaoEntity", "ApiIntegracaoEntity\ApiIntegracaoEntity.csproj", "{7066BA43-A697-4A24-BC60-6717D427CB01}"
EndProject
Global
	GlobalSection(SolutionConfigurationPlatforms) = preSolution
		Debug|Any CPU = Debug|Any CPU
		Release|Any CPU = Release|Any CPU
	EndGlobalSection
	GlobalSection(ProjectConfigurationPlatforms) = postSolution
		{9B50F2DE-8072-4906-B7FE-FAE3DA16B327}.Debug|Any CPU.ActiveCfg = Debug|Any CPU
		{9B50F2DE-8072-4906-B7FE-FAE3DA16B327}.Debug|Any CPU.Build.0 = Debug|Any CPU
		{9B50F2DE-8072-4906-B7FE-FAE3DA16B327}.Release|Any CPU.ActiveCfg = Release|Any CPU
		{9B50F2DE-8072-4906-B7FE-FAE3DA16B327}.Release|Any CPU.Build.0 = Release|Any CPU
		{7066BA43-A697-4A24-BC60-6717D427CB01}.Debug|Any CPU.ActiveCfg = Debug|Any CPU
		{7066BA43-A697-4A24-BC60-6717D427CB01}.Debug|Any CPU.Build.0 = Debug|Any CPU
		{7066BA43-A697-4A24-BC60-6717D427CB01}.Release|Any CPU.ActiveCfg = Release|Any CPU
		{7066BA43-A697-4A24-BC60-6717D427CB01}.Release|Any CPU.Build.0 = Release|Any CPU
	EndGlobalSection
	GlobalSection(SolutionProperties) = preSolution
		HideSolutionNode = FALSE
	EndGlobalSection
	GlobalSection(ExtensibilityGlobals) = postSolution
		SolutionGuid = {B499DA68-9878-415C-9F04-F1B0B4A8BCAB}
	EndGlobalSection
EndGlobal
